<?xml version="1.0" encoding="utf-8"?>
<Project ToolsVersion="17.0" xmlns="http://schemas.microsoft.com/developer/msbuild/2003">
  <ItemGroup>
    <ClCompile Include="D:\Tmc2_v18.0\mpeg-pcc-tmc2-master\dependencies\jm19.0_lib\source\lib\lcommon\blk_prediction.c">
      <Filter>Source Files</Filter>
    </ClCompile>
    <ClCompile Include="D:\Tmc2_v18.0\mpeg-pcc-tmc2-master\dependencies\jm19.0_lib\source\lib\lcommon\config_common.c">
      <Filter>Source Files</Filter>
    </ClCompile>
    <ClCompile Include="D:\Tmc2_v18.0\mpeg-pcc-tmc2-master\dependencies\jm19.0_lib\source\lib\lcommon\img_io.c">
      <Filter>Source Files</Filter>
    </ClCompile>
    <ClCompile Include="D:\Tmc2_v18.0\mpeg-pcc-tmc2-master\dependencies\jm19.0_lib\source\lib\lcommon\img_process.c">
      <Filter>Source Files</Filter>
    </ClCompile>
    <ClCompile Include="D:\Tmc2_v18.0\mpeg-pcc-tmc2-master\dependencies\jm19.0_lib\source\lib\lcommon\input.c">
      <Filter>Source Files</Filter>
    </ClCompile>
    <ClCompile Include="D:\Tmc2_v18.0\mpeg-pcc-tmc2-master\dependencies\jm19.0_lib\source\lib\lcommon\io_raw.c">
      <Filter>Source Files</Filter>
    </ClCompile>
    <ClCompile Include="D:\Tmc2_v18.0\mpeg-pcc-tmc2-master\dependencies\jm19.0_lib\source\lib\lcommon\io_tiff.c">
      <Filter>Source Files</Filter>
    </ClCompile>
    <ClCompile Include="D:\Tmc2_v18.0\mpeg-pcc-tmc2-master\dependencies\jm19.0_lib\source\lib\lcommon\mbuffer_common.c">
      <Filter>Source Files</Filter>
    </ClCompile>
    <ClCompile Include="D:\Tmc2_v18.0\mpeg-pcc-tmc2-master\dependencies\jm19.0_lib\source\lib\lcommon\memalloc.c">
      <Filter>Source Files</Filter>
    </ClCompile>
    <ClCompile Include="D:\Tmc2_v18.0\mpeg-pcc-tmc2-master\dependencies\jm19.0_lib\source\lib\lcommon\mv_prediction.c">
      <Filter>Source Files</Filter>
    </ClCompile>
    <ClCompile Include="D:\Tmc2_v18.0\mpeg-pcc-tmc2-master\dependencies\jm19.0_lib\source\lib\lcommon\nalucommon.c">
      <Filter>Source Files</Filter>
    </ClCompile>
    <ClCompile Include="D:\Tmc2_v18.0\mpeg-pcc-tmc2-master\dependencies\jm19.0_lib\source\lib\lcommon\parsetcommon.c">
      <Filter>Source Files</Filter>
    </ClCompile>
    <ClCompile Include="D:\Tmc2_v18.0\mpeg-pcc-tmc2-master\dependencies\jm19.0_lib\source\lib\lcommon\resize.c">
      <Filter>Source Files</Filter>
    </ClCompile>
    <ClCompile Include="D:\Tmc2_v18.0\mpeg-pcc-tmc2-master\dependencies\jm19.0_lib\source\lib\lcommon\transform.c">
      <Filter>Source Files</Filter>
    </ClCompile>
    <ClCompile Include="D:\Tmc2_v18.0\mpeg-pcc-tmc2-master\dependencies\jm19.0_lib\source\lib\lcommon\win32.c">
      <Filter>Source Files</Filter>
    </ClCompile>
    <ClCompile Include="D:\Tmc2_v18.0\mpeg-pcc-tmc2-master\dependencies\jm19.0_lib\source\app\ldecod\annexb.c">
      <Filter>Source Files</Filter>
    </ClCompile>
    <ClCompile Include="D:\Tmc2_v18.0\mpeg-pcc-tmc2-master\dependencies\jm19.0_lib\source\app\ldecod\biaridecod.c">
      <Filter>Source Files</Filter>
    </ClCompile>
    <ClCompile Include="D:\Tmc2_v18.0\mpeg-pcc-tmc2-master\dependencies\jm19.0_lib\source\app\ldecod\block.c">
      <Filter>Source Files</Filter>
    </ClCompile>
    <ClCompile Include="D:\Tmc2_v18.0\mpeg-pcc-tmc2-master\dependencies\jm19.0_lib\source\app\ldecod\cabac.c">
      <Filter>Source Files</Filter>
    </ClCompile>
    <ClCompile Include="D:\Tmc2_v18.0\mpeg-pcc-tmc2-master\dependencies\jm19.0_lib\source\app\ldecod\configfile.c">
      <Filter>Source Files</Filter>
    </ClCompile>
    <ClCompile Include="D:\Tmc2_v18.0\mpeg-pcc-tmc2-master\dependencies\jm19.0_lib\source\app\ldecod\context_ini.c">
      <Filter>Source Files</Filter>
    </ClCompile>
    <ClCompile Include="D:\Tmc2_v18.0\mpeg-pcc-tmc2-master\dependencies\jm19.0_lib\source\app\ldecod\dec_statistics.c">
      <Filter>Source Files</Filter>
    </ClCompile>
    <ClCompile Include="D:\Tmc2_v18.0\mpeg-pcc-tmc2-master\dependencies\jm19.0_lib\source\app\ldecod\decoder_test.c">
      <Filter>Source Files</Filter>
    </ClCompile>
    <ClCompile Include="D:\Tmc2_v18.0\mpeg-pcc-tmc2-master\dependencies\jm19.0_lib\source\app\ldecod\erc_api.c">
      <Filter>Source Files</Filter>
    </ClCompile>
    <ClCompile Include="D:\Tmc2_v18.0\mpeg-pcc-tmc2-master\dependencies\jm19.0_lib\source\app\ldecod\erc_do_i.c">
      <Filter>Source Files</Filter>
    </ClCompile>
    <ClCompile Include="D:\Tmc2_v18.0\mpeg-pcc-tmc2-master\dependencies\jm19.0_lib\source\app\ldecod\erc_do_p.c">
      <Filter>Source Files</Filter>
    </ClCompile>
    <ClCompile Include="D:\Tmc2_v18.0\mpeg-pcc-tmc2-master\dependencies\jm19.0_lib\source\app\ldecod\errorconcealment.c">
      <Filter>Source Files</Filter>
    </ClCompile>
    <ClCompile Include="D:\Tmc2_v18.0\mpeg-pcc-tmc2-master\dependencies\jm19.0_lib\source\app\ldecod\filehandle.c">
      <Filter>Source Files</Filter>
    </ClCompile>
    <ClCompile Include="D:\Tmc2_v18.0\mpeg-pcc-tmc2-master\dependencies\jm19.0_lib\source\app\ldecod\fmo.c">
      <Filter>Source Files</Filter>
    </ClCompile>
    <ClCompile Include="D:\Tmc2_v18.0\mpeg-pcc-tmc2-master\dependencies\jm19.0_lib\source\app\ldecod\header.c">
      <Filter>Source Files</Filter>
    </ClCompile>
    <ClCompile Include="D:\Tmc2_v18.0\mpeg-pcc-tmc2-master\dependencies\jm19.0_lib\source\app\ldecod\image.c">
      <Filter>Source Files</Filter>
    </ClCompile>
    <ClCompile Include="D:\Tmc2_v18.0\mpeg-pcc-tmc2-master\dependencies\jm19.0_lib\source\app\ldecod\intra16x16_pred.c">
      <Filter>Source Files</Filter>
    </ClCompile>
    <ClCompile Include="D:\Tmc2_v18.0\mpeg-pcc-tmc2-master\dependencies\jm19.0_lib\source\app\ldecod\intra16x16_pred_mbaff.c">
      <Filter>Source Files</Filter>
    </ClCompile>
    <ClCompile Include="D:\Tmc2_v18.0\mpeg-pcc-tmc2-master\dependencies\jm19.0_lib\source\app\ldecod\intra16x16_pred_normal.c">
      <Filter>Source Files</Filter>
    </ClCompile>
    <ClCompile Include="D:\Tmc2_v18.0\mpeg-pcc-tmc2-master\dependencies\jm19.0_lib\source\app\ldecod\intra4x4_pred.c">
      <Filter>Source Files</Filter>
    </ClCompile>
    <ClCompile Include="D:\Tmc2_v18.0\mpeg-pcc-tmc2-master\dependencies\jm19.0_lib\source\app\ldecod\intra4x4_pred_mbaff.c">
      <Filter>Source Files</Filter>
    </ClCompile>
    <ClCompile Include="D:\Tmc2_v18.0\mpeg-pcc-tmc2-master\dependencies\jm19.0_lib\source\app\ldecod\intra4x4_pred_normal.c">
      <Filter>Source Files</Filter>
    </ClCompile>
    <ClCompile Include="D:\Tmc2_v18.0\mpeg-pcc-tmc2-master\dependencies\jm19.0_lib\source\app\ldecod\intra8x8_pred.c">
      <Filter>Source Files</Filter>
    </ClCompile>
    <ClCompile Include="D:\Tmc2_v18.0\mpeg-pcc-tmc2-master\dependencies\jm19.0_lib\source\app\ldecod\intra8x8_pred_mbaff.c">
      <Filter>Source Files</Filter>
    </ClCompile>
    <ClCompile Include="D:\Tmc2_v18.0\mpeg-pcc-tmc2-master\dependencies\jm19.0_lib\source\app\ldecod\intra8x8_pred_normal.c">
      <Filter>Source Files</Filter>
    </ClCompile>
    <ClCompile Include="D:\Tmc2_v18.0\mpeg-pcc-tmc2-master\dependencies\jm19.0_lib\source\app\ldecod\intra_chroma_pred.c">
      <Filter>Source Files</Filter>
    </ClCompile>
    <ClCompile Include="D:\Tmc2_v18.0\mpeg-pcc-tmc2-master\dependencies\jm19.0_lib\source\app\ldecod\intra_chroma_pred_mbaff.c">
      <Filter>Source Files</Filter>
    </ClCompile>
    <ClCompile Include="D:\Tmc2_v18.0\mpeg-pcc-tmc2-master\dependencies\jm19.0_lib\source\app\ldecod\intra_pred_common.c">
      <Filter>Source Files</Filter>
    </ClCompile>
    <ClCompile Include="D:\Tmc2_v18.0\mpeg-pcc-tmc2-master\dependencies\jm19.0_lib\source\app\ldecod\ldecod.c">
      <Filter>Source Files</Filter>
    </ClCompile>
    <ClCompile Include="D:\Tmc2_v18.0\mpeg-pcc-tmc2-master\dependencies\jm19.0_lib\source\app\ldecod\leaky_bucket.c">
      <Filter>Source Files</Filter>
    </ClCompile>
    <ClCompile Include="D:\Tmc2_v18.0\mpeg-pcc-tmc2-master\dependencies\jm19.0_lib\source\app\ldecod\loopFilter.c">
      <Filter>Source Files</Filter>
    </ClCompile>
    <ClCompile Include="D:\Tmc2_v18.0\mpeg-pcc-tmc2-master\dependencies\jm19.0_lib\source\app\ldecod\loop_filter_mbaff.c">
      <Filter>Source Files</Filter>
    </ClCompile>
    <ClCompile Include="D:\Tmc2_v18.0\mpeg-pcc-tmc2-master\dependencies\jm19.0_lib\source\app\ldecod\loop_filter_normal.c">
      <Filter>Source Files</Filter>
    </ClCompile>
    <ClCompile Include="D:\Tmc2_v18.0\mpeg-pcc-tmc2-master\dependencies\jm19.0_lib\source\app\ldecod\macroblock.c">
      <Filter>Source Files</Filter>
    </ClCompile>
    <ClCompile Include="D:\Tmc2_v18.0\mpeg-pcc-tmc2-master\dependencies\jm19.0_lib\source\app\ldecod\mb_access.c">
      <Filter>Source Files</Filter>
    </ClCompile>
    <ClCompile Include="D:\Tmc2_v18.0\mpeg-pcc-tmc2-master\dependencies\jm19.0_lib\source\app\ldecod\mb_prediction.c">
      <Filter>Source Files</Filter>
    </ClCompile>
    <ClCompile Include="D:\Tmc2_v18.0\mpeg-pcc-tmc2-master\dependencies\jm19.0_lib\source\app\ldecod\mb_read.c">
      <Filter>Source Files</Filter>
    </ClCompile>
    <ClCompile Include="D:\Tmc2_v18.0\mpeg-pcc-tmc2-master\dependencies\jm19.0_lib\source\app\ldecod\mbuffer.c">
      <Filter>Source Files</Filter>
    </ClCompile>
    <ClCompile Include="D:\Tmc2_v18.0\mpeg-pcc-tmc2-master\dependencies\jm19.0_lib\source\app\ldecod\mbuffer_mvc.c">
      <Filter>Source Files</Filter>
    </ClCompile>
    <ClCompile Include="D:\Tmc2_v18.0\mpeg-pcc-tmc2-master\dependencies\jm19.0_lib\source\app\ldecod\mc_direct.c">
      <Filter>Source Files</Filter>
    </ClCompile>
    <ClCompile Include="D:\Tmc2_v18.0\mpeg-pcc-tmc2-master\dependencies\jm19.0_lib\source\app\ldecod\mc_prediction.c">
      <Filter>Source Files</Filter>
    </ClCompile>
    <ClCompile Include="D:\Tmc2_v18.0\mpeg-pcc-tmc2-master\dependencies\jm19.0_lib\source\app\ldecod\nal.c">
      <Filter>Source Files</Filter>
    </ClCompile>
    <ClCompile Include="D:\Tmc2_v18.0\mpeg-pcc-tmc2-master\dependencies\jm19.0_lib\source\app\ldecod\nalu.c">
      <Filter>Source Files</Filter>
    </ClCompile>
    <ClCompile Include="D:\Tmc2_v18.0\mpeg-pcc-tmc2-master\dependencies\jm19.0_lib\source\app\ldecod\output.c">
      <Filter>Source Files</Filter>
    </ClCompile>
    <ClCompile Include="D:\Tmc2_v18.0\mpeg-pcc-tmc2-master\dependencies\jm19.0_lib\source\app\ldecod\parset.c">
      <Filter>Source Files</Filter>
    </ClCompile>
    <ClCompile Include="D:\Tmc2_v18.0\mpeg-pcc-tmc2-master\dependencies\jm19.0_lib\source\app\ldecod\quant.c">
      <Filter>Source Files</Filter>
    </ClCompile>
    <ClCompile Include="D:\Tmc2_v18.0\mpeg-pcc-tmc2-master\dependencies\jm19.0_lib\source\app\ldecod\read_comp_cabac.c">
      <Filter>Source Files</Filter>
    </ClCompile>
    <ClCompile Include="D:\Tmc2_v18.0\mpeg-pcc-tmc2-master\dependencies\jm19.0_lib\source\app\ldecod\read_comp_cavlc.c">
      <Filter>Source Files</Filter>
    </ClCompile>
    <ClCompile Include="D:\Tmc2_v18.0\mpeg-pcc-tmc2-master\dependencies\jm19.0_lib\source\app\ldecod\rtp.c">
      <Filter>Source Files</Filter>
    </ClCompile>
    <ClCompile Include="D:\Tmc2_v18.0\mpeg-pcc-tmc2-master\dependencies\jm19.0_lib\source\app\ldecod\sei.c">
      <Filter>Source Files</Filter>
    </ClCompile>
    <ClCompile Include="D:\Tmc2_v18.0\mpeg-pcc-tmc2-master\dependencies\jm19.0_lib\source\app\ldecod\transform8x8.c">
      <Filter>Source Files</Filter>
    </ClCompile>
    <ClCompile Include="D:\Tmc2_v18.0\mpeg-pcc-tmc2-master\dependencies\jm19.0_lib\source\app\ldecod\vlc.c">
      <Filter>Source Files</Filter>
    </ClCompile>
  </ItemGroup>
  <ItemGroup>
    <ClInclude Include="D:\Tmc2_v18.0\mpeg-pcc-tmc2-master\dependencies\jm19.0_lib\source\lib\lcommon\blk_prediction.h">
      <Filter>Header Files</Filter>
    </ClInclude>
    <ClInclude Include="D:\Tmc2_v18.0\mpeg-pcc-tmc2-master\dependencies\jm19.0_lib\source\lib\lcommon\config_common.h">
      <Filter>Header Files</Filter>
    </ClInclude>
    <ClInclude Include="D:\Tmc2_v18.0\mpeg-pcc-tmc2-master\dependencies\jm19.0_lib\source\lib\lcommon\ctx_tables.h">
      <Filter>Header Files</Filter>
    </ClInclude>
    <ClInclude Include="D:\Tmc2_v18.0\mpeg-pcc-tmc2-master\dependencies\jm19.0_lib\source\lib\lcommon\distortion.h">
      <Filter>Header Files</Filter>
    </ClInclude>
    <ClInclude Include="D:\Tmc2_v18.0\mpeg-pcc-tmc2-master\dependencies\jm19.0_lib\source\lib\lcommon\enc_statistics.h">
      <Filter>Header Files</Filter>
    </ClInclude>
    <ClInclude Include="D:\Tmc2_v18.0\mpeg-pcc-tmc2-master\dependencies\jm19.0_lib\source\lib\lcommon\fast_memory.h">
      <Filter>Header Files</Filter>
    </ClInclude>
    <ClInclude Include="D:\Tmc2_v18.0\mpeg-pcc-tmc2-master\dependencies\jm19.0_lib\source\lib\lcommon\frame.h">
      <Filter>Header Files</Filter>
    </ClInclude>
    <ClInclude Include="D:\Tmc2_v18.0\mpeg-pcc-tmc2-master\dependencies\jm19.0_lib\source\lib\lcommon\ifunctions.h">
      <Filter>Header Files</Filter>
    </ClInclude>
    <ClInclude Include="D:\Tmc2_v18.0\mpeg-pcc-tmc2-master\dependencies\jm19.0_lib\source\lib\lcommon\img_io.h">
      <Filter>Header Files</Filter>
    </ClInclude>
    <ClInclude Include="D:\Tmc2_v18.0\mpeg-pcc-tmc2-master\dependencies\jm19.0_lib\source\lib\lcommon\img_process.h">
      <Filter>Header Files</Filter>
    </ClInclude>
    <ClInclude Include="D:\Tmc2_v18.0\mpeg-pcc-tmc2-master\dependencies\jm19.0_lib\source\lib\lcommon\img_process_types.h">
      <Filter>Header Files</Filter>
    </ClInclude>
    <ClInclude Include="D:\Tmc2_v18.0\mpeg-pcc-tmc2-master\dependencies\jm19.0_lib\source\lib\lcommon\input.h">
      <Filter>Header Files</Filter>
    </ClInclude>
    <ClInclude Include="D:\Tmc2_v18.0\mpeg-pcc-tmc2-master\dependencies\jm19.0_lib\source\lib\lcommon\io_image.h">
      <Filter>Header Files</Filter>
    </ClInclude>
    <ClInclude Include="D:\Tmc2_v18.0\mpeg-pcc-tmc2-master\dependencies\jm19.0_lib\source\lib\lcommon\io_raw.h">
      <Filter>Header Files</Filter>
    </ClInclude>
    <ClInclude Include="D:\Tmc2_v18.0\mpeg-pcc-tmc2-master\dependencies\jm19.0_lib\source\lib\lcommon\io_tiff.h">
      <Filter>Header Files</Filter>
    </ClInclude>
    <ClInclude Include="D:\Tmc2_v18.0\mpeg-pcc-tmc2-master\dependencies\jm19.0_lib\source\lib\lcommon\io_video.h">
      <Filter>Header Files</Filter>
    </ClInclude>
    <ClInclude Include="D:\Tmc2_v18.0\mpeg-pcc-tmc2-master\dependencies\jm19.0_lib\source\lib\lcommon\lagrangian.h">
      <Filter>Header Files</Filter>
    </ClInclude>
    <ClInclude Include="D:\Tmc2_v18.0\mpeg-pcc-tmc2-master\dependencies\jm19.0_lib\source\lib\lcommon\mb_access.h">
      <Filter>Header Files</Filter>
    </ClInclude>
    <ClInclude Include="D:\Tmc2_v18.0\mpeg-pcc-tmc2-master\dependencies\jm19.0_lib\source\lib\lcommon\mbuffer_common.h">
      <Filter>Header Files</Filter>
    </ClInclude>
    <ClInclude Include="D:\Tmc2_v18.0\mpeg-pcc-tmc2-master\dependencies\jm19.0_lib\source\lib\lcommon\memalloc.h">
      <Filter>Header Files</Filter>
    </ClInclude>
    <ClInclude Include="D:\Tmc2_v18.0\mpeg-pcc-tmc2-master\dependencies\jm19.0_lib\source\lib\lcommon\mv_prediction.h">
      <Filter>Header Files</Filter>
    </ClInclude>
    <ClInclude Include="D:\Tmc2_v18.0\mpeg-pcc-tmc2-master\dependencies\jm19.0_lib\source\lib\lcommon\nalucommon.h">
      <Filter>Header Files</Filter>
    </ClInclude>
    <ClInclude Include="D:\Tmc2_v18.0\mpeg-pcc-tmc2-master\dependencies\jm19.0_lib\source\lib\lcommon\parsetcommon.h">
      <Filter>Header Files</Filter>
    </ClInclude>
    <ClInclude Include="D:\Tmc2_v18.0\mpeg-pcc-tmc2-master\dependencies\jm19.0_lib\source\lib\lcommon\quant_params.h">
      <Filter>Header Files</Filter>
    </ClInclude>
    <ClInclude Include="D:\Tmc2_v18.0\mpeg-pcc-tmc2-master\dependencies\jm19.0_lib\source\lib\lcommon\report.h">
      <Filter>Header Files</Filter>
    </ClInclude>
    <ClInclude Include="D:\Tmc2_v18.0\mpeg-pcc-tmc2-master\dependencies\jm19.0_lib\source\lib\lcommon\resize.h">
      <Filter>Header Files</Filter>
    </ClInclude>
    <ClInclude Include="D:\Tmc2_v18.0\mpeg-pcc-tmc2-master\dependencies\jm19.0_lib\source\lib\lcommon\transform.h">
      <Filter>Header Files</Filter>
    </ClInclude>
    <ClInclude Include="D:\Tmc2_v18.0\mpeg-pcc-tmc2-master\dependencies\jm19.0_lib\source\lib\lcommon\typedefs.h">
      <Filter>Header Files</Filter>
    </ClInclude>
    <ClInclude Include="D:\Tmc2_v18.0\mpeg-pcc-tmc2-master\dependencies\jm19.0_lib\source\lib\lcommon\types.h">
      <Filter>Header Files</Filter>
    </ClInclude>
    <ClInclude Include="D:\Tmc2_v18.0\mpeg-pcc-tmc2-master\dependencies\jm19.0_lib\source\lib\lcommon\vui_params.h">
      <Filter>Header Files</Filter>
    </ClInclude>
    <ClInclude Include="D:\Tmc2_v18.0\mpeg-pcc-tmc2-master\dependencies\jm19.0_lib\source\lib\lcommon\win32.h">
      <Filter>Header Files</Filter>
    </ClInclude>
    <ClInclude Include="D:\Tmc2_v18.0\mpeg-pcc-tmc2-master\dependencies\jm19.0_lib\source\app\ldecod\annexb.h">
      <Filter>Header Files</Filter>
    </ClInclude>
    <ClInclude Include="D:\Tmc2_v18.0\mpeg-pcc-tmc2-master\dependencies\jm19.0_lib\source\app\ldecod\biaridecod.h">
      <Filter>Header Files</Filter>
    </ClInclude>
    <ClInclude Include="D:\Tmc2_v18.0\mpeg-pcc-tmc2-master\dependencies\jm19.0_lib\source\app\ldecod\block.h">
      <Filter>Header Files</Filter>
    </ClInclude>
    <ClInclude Include="D:\Tmc2_v18.0\mpeg-pcc-tmc2-master\dependencies\jm19.0_lib\source\app\ldecod\cabac.h">
      <Filter>Header Files</Filter>
    </ClInclude>
    <ClInclude Include="D:\Tmc2_v18.0\mpeg-pcc-tmc2-master\dependencies\jm19.0_lib\source\app\ldecod\configfile.h">
      <Filter>Header Files</Filter>
    </ClInclude>
    <ClInclude Include="D:\Tmc2_v18.0\mpeg-pcc-tmc2-master\dependencies\jm19.0_lib\source\app\ldecod\context_ini.h">
      <Filter>Header Files</Filter>
    </ClInclude>
    <ClInclude Include="D:\Tmc2_v18.0\mpeg-pcc-tmc2-master\dependencies\jm19.0_lib\source\app\ldecod\contributors.h">
      <Filter>Header Files</Filter>
    </ClInclude>
    <ClInclude Include="D:\Tmc2_v18.0\mpeg-pcc-tmc2-master\dependencies\jm19.0_lib\source\app\ldecod\dec_statistics.h">
      <Filter>Header Files</Filter>
    </ClInclude>
    <ClInclude Include="D:\Tmc2_v18.0\mpeg-pcc-tmc2-master\dependencies\jm19.0_lib\source\app\ldecod\defines.h">
      <Filter>Header Files</Filter>
    </ClInclude>
    <ClInclude Include="D:\Tmc2_v18.0\mpeg-pcc-tmc2-master\dependencies\jm19.0_lib\source\app\ldecod\elements.h">
      <Filter>Header Files</Filter>
    </ClInclude>
    <ClInclude Include="D:\Tmc2_v18.0\mpeg-pcc-tmc2-master\dependencies\jm19.0_lib\source\app\ldecod\erc_api.h">
      <Filter>Header Files</Filter>
    </ClInclude>
    <ClInclude Include="D:\Tmc2_v18.0\mpeg-pcc-tmc2-master\dependencies\jm19.0_lib\source\app\ldecod\erc_do.h">
      <Filter>Header Files</Filter>
    </ClInclude>
    <ClInclude Include="D:\Tmc2_v18.0\mpeg-pcc-tmc2-master\dependencies\jm19.0_lib\source\app\ldecod\erc_globals.h">
      <Filter>Header Files</Filter>
    </ClInclude>
    <ClInclude Include="D:\Tmc2_v18.0\mpeg-pcc-tmc2-master\dependencies\jm19.0_lib\source\app\ldecod\errorconcealment.h">
      <Filter>Header Files</Filter>
    </ClInclude>
    <ClInclude Include="D:\Tmc2_v18.0\mpeg-pcc-tmc2-master\dependencies\jm19.0_lib\source\app\ldecod\filehandle.h">
      <Filter>Header Files</Filter>
    </ClInclude>
    <ClInclude Include="D:\Tmc2_v18.0\mpeg-pcc-tmc2-master\dependencies\jm19.0_lib\source\app\ldecod\fmo.h">
      <Filter>Header Files</Filter>
    </ClInclude>
    <ClInclude Include="D:\Tmc2_v18.0\mpeg-pcc-tmc2-master\dependencies\jm19.0_lib\source\app\ldecod\global.h">
      <Filter>Header Files</Filter>
    </ClInclude>
    <ClInclude Include="D:\Tmc2_v18.0\mpeg-pcc-tmc2-master\dependencies\jm19.0_lib\source\app\ldecod\h264decoder.h">
      <Filter>Header Files</Filter>
    </ClInclude>
    <ClInclude Include="D:\Tmc2_v18.0\mpeg-pcc-tmc2-master\dependencies\jm19.0_lib\source\app\ldecod\header.h">
      <Filter>Header Files</Filter>
    </ClInclude>
    <ClInclude Include="D:\Tmc2_v18.0\mpeg-pcc-tmc2-master\dependencies\jm19.0_lib\source\app\ldecod\image.h">
      <Filter>Header Files</Filter>
    </ClInclude>
    <ClInclude Include="D:\Tmc2_v18.0\mpeg-pcc-tmc2-master\dependencies\jm19.0_lib\source\app\ldecod\intra16x16_pred.h">
      <Filter>Header Files</Filter>
    </ClInclude>
    <ClInclude Include="D:\Tmc2_v18.0\mpeg-pcc-tmc2-master\dependencies\jm19.0_lib\source\app\ldecod\intra4x4_pred.h">
      <Filter>Header Files</Filter>
    </ClInclude>
    <ClInclude Include="D:\Tmc2_v18.0\mpeg-pcc-tmc2-master\dependencies\jm19.0_lib\source\app\ldecod\intra8x8_pred.h">
      <Filter>Header Files</Filter>
    </ClInclude>
    <ClInclude Include="D:\Tmc2_v18.0\mpeg-pcc-tmc2-master\dependencies\jm19.0_lib\source\app\ldecod\leaky_bucket.h">
      <Filter>Header Files</Filter>
    </ClInclude>
    <ClInclude Include="D:\Tmc2_v18.0\mpeg-pcc-tmc2-master\dependencies\jm19.0_lib\source\app\ldecod\loop_filter.h">
      <Filter>Header Files</Filter>
    </ClInclude>
    <ClInclude Include="D:\Tmc2_v18.0\mpeg-pcc-tmc2-master\dependencies\jm19.0_lib\source\app\ldecod\loopfilter.h">
      <Filter>Header Files</Filter>
    </ClInclude>
    <ClInclude Include="D:\Tmc2_v18.0\mpeg-pcc-tmc2-master\dependencies\jm19.0_lib\source\app\ldecod\macroblock.h">
      <Filter>Header Files</Filter>
    </ClInclude>
    <ClInclude Include="D:\Tmc2_v18.0\mpeg-pcc-tmc2-master\dependencies\jm19.0_lib\source\app\ldecod\mb_prediction.h">
      <Filter>Header Files</Filter>
    </ClInclude>
    <ClInclude Include="D:\Tmc2_v18.0\mpeg-pcc-tmc2-master\dependencies\jm19.0_lib\source\app\ldecod\mbuffer.h">
      <Filter>Header Files</Filter>
    </ClInclude>
    <ClInclude Include="D:\Tmc2_v18.0\mpeg-pcc-tmc2-master\dependencies\jm19.0_lib\source\app\ldecod\mbuffer_mvc.h">
      <Filter>Header Files</Filter>
    </ClInclude>
    <ClInclude Include="D:\Tmc2_v18.0\mpeg-pcc-tmc2-master\dependencies\jm19.0_lib\source\app\ldecod\mc_prediction.h">
      <Filter>Header Files</Filter>
    </ClInclude>
    <ClInclude Include="D:\Tmc2_v18.0\mpeg-pcc-tmc2-master\dependencies\jm19.0_lib\source\app\ldecod\nalu.h">
      <Filter>Header Files</Filter>
    </ClInclude>
    <ClInclude Include="D:\Tmc2_v18.0\mpeg-pcc-tmc2-master\dependencies\jm19.0_lib\source\app\ldecod\output.h">
      <Filter>Header Files</Filter>
    </ClInclude>
    <ClInclude Include="D:\Tmc2_v18.0\mpeg-pcc-tmc2-master\dependencies\jm19.0_lib\source\app\ldecod\parset.h">
      <Filter>Header Files</Filter>
    </ClInclude>
    <ClInclude Include="D:\Tmc2_v18.0\mpeg-pcc-tmc2-master\dependencies\jm19.0_lib\source\app\ldecod\quant.h">
      <Filter>Header Files</Filter>
    </ClInclude>
    <ClInclude Include="D:\Tmc2_v18.0\mpeg-pcc-tmc2-master\dependencies\jm19.0_lib\source\app\ldecod\rtp.h">
      <Filter>Header Files</Filter>
    </ClInclude>
    <ClInclude Include="D:\Tmc2_v18.0\mpeg-pcc-tmc2-master\dependencies\jm19.0_lib\source\app\ldecod\sei.h">
      <Filter>Header Files</Filter>
    </ClInclude>
    <ClInclude Include="D:\Tmc2_v18.0\mpeg-pcc-tmc2-master\dependencies\jm19.0_lib\source\app\ldecod\transform8x8.h">
      <Filter>Header Files</Filter>
    </ClInclude>
    <ClInclude Include="D:\Tmc2_v18.0\mpeg-pcc-tmc2-master\dependencies\jm19.0_lib\source\app\ldecod\vlc.h">
      <Filter>Header Files</Filter>
    </ClInclude>
  </ItemGroup>
  <ItemGroup>
    <CustomBuild Include="D:\Tmc2_v18.0\mpeg-pcc-tmc2-master\CMakeLists.txt" />
  </ItemGroup>
  <ItemGroup>
    <Filter Include="Header Files">
      <UniqueIdentifier>{B8DD7AAE-A79F-35D1-9A0D-EA6C5C39FAA0}</UniqueIdentifier>
    </Filter>
    <Filter Include="Source Files">
      <UniqueIdentifier>{01D33F79-8BE4-3335-A48D-348CC513C889}</UniqueIdentifier>
    </Filter>
  </ItemGroup>
</Project>
