
Microsoft Visual Studio Solution File, Format Version 12.00
# Visual Studio Version 17
Project("{8BC9CEB8-8B4A-11D0-8D11-00A0C91BC942}") = "ALL_BUILD", "ALL_BUILD.vcxproj", "{48684AE8-1C0F-3C1C-8CE4-D3606592D708}"
	ProjectSection(ProjectDependencies) = postProject
		{F22909E7-32CF-3B66-881E-880557D4C24B} = {F22909E7-32CF-3B66-881E-880557D4C24B}
		{85742658-3B59-3A58-865E-61D9EED5C15D} = {85742658-3B59-3A58-865E-61D9EED5C15D}
	EndProjectSection
EndProject
Project("{8BC9CEB8-8B4A-11D0-8D11-00A0C91BC942}") = "INSTALL", "INSTALL.vcxproj", "{5098F529-4349-3908-B553-4F2242A8BD64}"
	ProjectSection(ProjectDependencies) = postProject
		{48684AE8-1C0F-3C1C-8CE4-D3606592D708} = {48684AE8-1C0F-3C1C-8CE4-D3606592D708}
		{F22909E7-32CF-3B66-881E-880557D4C24B} = {F22909E7-32CF-3B66-881E-880557D4C24B}
	EndProjectSection
EndProject
Project("{8BC9CEB8-8B4A-11D0-8D11-00A0C91BC942}") = "ZERO_CHECK", "..\..\\ZERO_CHECK.vcxproj", "{F22909E7-32CF-3B66-881E-880557D4C24B}"
	ProjectSection(ProjectDependencies) = postProject
	EndProjectSection
EndProject
Project("{8BC9CEB8-8B4A-11D0-8D11-00A0C91BC942}") = "tbb_def_files", "tbb_def_files.vcxproj", "{CF6954C0-9FB3-3B34-920F-D439B9896EF7}"
	ProjectSection(ProjectDependencies) = postProject
		{F22909E7-32CF-3B66-881E-880557D4C24B} = {F22909E7-32CF-3B66-881E-880557D4C24B}
	EndProjectSection
EndProject
Project("{8BC9CEB8-8B4A-11D0-8D11-00A0C91BC942}") = "tbb_static", "tbb_static.vcxproj", "{85742658-3B59-3A58-865E-61D9EED5C15D}"
	ProjectSection(ProjectDependencies) = postProject
		{F22909E7-32CF-3B66-881E-880557D4C24B} = {F22909E7-32CF-3B66-881E-880557D4C24B}
	EndProjectSection
EndProject
Global
	GlobalSection(SolutionConfigurationPlatforms) = preSolution
		Debug|x64 = Debug|x64
		Release|x64 = Release|x64
		MinSizeRel|x64 = MinSizeRel|x64
		RelWithDebInfo|x64 = RelWithDebInfo|x64
	EndGlobalSection
	GlobalSection(ProjectConfigurationPlatforms) = postSolution
		{48684AE8-1C0F-3C1C-8CE4-D3606592D708}.Debug|x64.ActiveCfg = Debug|x64
		{48684AE8-1C0F-3C1C-8CE4-D3606592D708}.Debug|x64.Build.0 = Debug|x64
		{48684AE8-1C0F-3C1C-8CE4-D3606592D708}.Release|x64.ActiveCfg = Release|x64
		{48684AE8-1C0F-3C1C-8CE4-D3606592D708}.Release|x64.Build.0 = Release|x64
		{48684AE8-1C0F-3C1C-8CE4-D3606592D708}.MinSizeRel|x64.ActiveCfg = MinSizeRel|x64
		{48684AE8-1C0F-3C1C-8CE4-D3606592D708}.MinSizeRel|x64.Build.0 = MinSizeRel|x64
		{48684AE8-1C0F-3C1C-8CE4-D3606592D708}.RelWithDebInfo|x64.ActiveCfg = RelWithDebInfo|x64
		{48684AE8-1C0F-3C1C-8CE4-D3606592D708}.RelWithDebInfo|x64.Build.0 = RelWithDebInfo|x64
		{5098F529-4349-3908-B553-4F2242A8BD64}.Debug|x64.ActiveCfg = Debug|x64
		{5098F529-4349-3908-B553-4F2242A8BD64}.Release|x64.ActiveCfg = Release|x64
		{5098F529-4349-3908-B553-4F2242A8BD64}.MinSizeRel|x64.ActiveCfg = MinSizeRel|x64
		{5098F529-4349-3908-B553-4F2242A8BD64}.RelWithDebInfo|x64.ActiveCfg = RelWithDebInfo|x64
		{F22909E7-32CF-3B66-881E-880557D4C24B}.Debug|x64.ActiveCfg = Debug|x64
		{F22909E7-32CF-3B66-881E-880557D4C24B}.Debug|x64.Build.0 = Debug|x64
		{F22909E7-32CF-3B66-881E-880557D4C24B}.Release|x64.ActiveCfg = Release|x64
		{F22909E7-32CF-3B66-881E-880557D4C24B}.Release|x64.Build.0 = Release|x64
		{F22909E7-32CF-3B66-881E-880557D4C24B}.MinSizeRel|x64.ActiveCfg = MinSizeRel|x64
		{F22909E7-32CF-3B66-881E-880557D4C24B}.MinSizeRel|x64.Build.0 = MinSizeRel|x64
		{F22909E7-32CF-3B66-881E-880557D4C24B}.RelWithDebInfo|x64.ActiveCfg = RelWithDebInfo|x64
		{F22909E7-32CF-3B66-881E-880557D4C24B}.RelWithDebInfo|x64.Build.0 = RelWithDebInfo|x64
		{CF6954C0-9FB3-3B34-920F-D439B9896EF7}.Debug|x64.ActiveCfg = Debug|x64
		{CF6954C0-9FB3-3B34-920F-D439B9896EF7}.Release|x64.ActiveCfg = Release|x64
		{CF6954C0-9FB3-3B34-920F-D439B9896EF7}.MinSizeRel|x64.ActiveCfg = MinSizeRel|x64
		{CF6954C0-9FB3-3B34-920F-D439B9896EF7}.RelWithDebInfo|x64.ActiveCfg = RelWithDebInfo|x64
		{85742658-3B59-3A58-865E-61D9EED5C15D}.Debug|x64.ActiveCfg = Debug|x64
		{85742658-3B59-3A58-865E-61D9EED5C15D}.Debug|x64.Build.0 = Debug|x64
		{85742658-3B59-3A58-865E-61D9EED5C15D}.Release|x64.ActiveCfg = Release|x64
		{85742658-3B59-3A58-865E-61D9EED5C15D}.Release|x64.Build.0 = Release|x64
		{85742658-3B59-3A58-865E-61D9EED5C15D}.MinSizeRel|x64.ActiveCfg = MinSizeRel|x64
		{85742658-3B59-3A58-865E-61D9EED5C15D}.MinSizeRel|x64.Build.0 = MinSizeRel|x64
		{85742658-3B59-3A58-865E-61D9EED5C15D}.RelWithDebInfo|x64.ActiveCfg = RelWithDebInfo|x64
		{85742658-3B59-3A58-865E-61D9EED5C15D}.RelWithDebInfo|x64.Build.0 = RelWithDebInfo|x64
	EndGlobalSection
	GlobalSection(ExtensibilityGlobals) = postSolution
		SolutionGuid = {6C091582-B8C0-3C89-A955-5A17841EE7C5}
	EndGlobalSection
	GlobalSection(ExtensibilityAddIns) = postSolution
	EndGlobalSection
EndGlobal
