
Microsoft Visual Studio Solution File, Format Version 12.00
# Visual Studio Version 17
Project("{8BC9CEB8-8B4A-11D0-8D11-00A0C91BC942}") = "ALL_BUILD", "ALL_BUILD.vcxproj", "{48684AE8-1C0F-3C1C-8CE4-D3606592D708}"
	ProjectSection(ProjectDependencies) = postProject
		{15FDFCEB-F34F-3205-9AA1-6008784E899E} = {15FDFCEB-F34F-3205-9AA1-6008784E899E}
		{F22909E7-32CF-3B66-881E-880557D4C24B} = {F22909E7-32CF-3B66-881E-880557D4C24B}
	EndProjectSection
EndProject
Project("{8BC9CEB8-8B4A-11D0-8D11-00A0C91BC942}") = "CommonLib", "..\..\..\\CommonLib.vcxproj", "{81F07FA2-36B9-3421-AE24-93E0967415C8}"
	ProjectSection(ProjectDependencies) = postProject
		{F22909E7-32CF-3B66-881E-880557D4C24B} = {F22909E7-32CF-3B66-881E-880557D4C24B}
		{8B9E1F28-C419-3F0D-8C74-5076455B0A78} = {8B9E1F28-C419-3F0D-8C74-5076455B0A78}
	EndProjectSection
EndProject
Project("{8BC9CEB8-8B4A-11D0-8D11-00A0C91BC942}") = "DecoderLib_vtm", "..\..\..\\DecoderLib_vtm.vcxproj", "{C07FAA93-9576-308C-8C17-0067BCAB731A}"
	ProjectSection(ProjectDependencies) = postProject
		{81F07FA2-36B9-3421-AE24-93E0967415C8} = {81F07FA2-36B9-3421-AE24-93E0967415C8}
		{F22909E7-32CF-3B66-881E-880557D4C24B} = {F22909E7-32CF-3B66-881E-880557D4C24B}
		{8B9E1F28-C419-3F0D-8C74-5076455B0A78} = {8B9E1F28-C419-3F0D-8C74-5076455B0A78}
	EndProjectSection
EndProject
Project("{8BC9CEB8-8B4A-11D0-8D11-00A0C91BC942}") = "EncoderLib_vtm", "..\..\..\\EncoderLib_vtm.vcxproj", "{53339616-6106-3BA7-B7B7-5C6B6E03E947}"
	ProjectSection(ProjectDependencies) = postProject
		{81F07FA2-36B9-3421-AE24-93E0967415C8} = {81F07FA2-36B9-3421-AE24-93E0967415C8}
		{F22909E7-32CF-3B66-881E-880557D4C24B} = {F22909E7-32CF-3B66-881E-880557D4C24B}
		{8B9E1F28-C419-3F0D-8C74-5076455B0A78} = {8B9E1F28-C419-3F0D-8C74-5076455B0A78}
	EndProjectSection
EndProject
Project("{8BC9CEB8-8B4A-11D0-8D11-00A0C91BC942}") = "INSTALL", "INSTALL.vcxproj", "{5098F529-4349-3908-B553-4F2242A8BD64}"
	ProjectSection(ProjectDependencies) = postProject
		{48684AE8-1C0F-3C1C-8CE4-D3606592D708} = {48684AE8-1C0F-3C1C-8CE4-D3606592D708}
		{F22909E7-32CF-3B66-881E-880557D4C24B} = {F22909E7-32CF-3B66-881E-880557D4C24B}
	EndProjectSection
EndProject
Project("{8BC9CEB8-8B4A-11D0-8D11-00A0C91BC942}") = "PccAppEncoder", "PccAppEncoder.vcxproj", "{15FDFCEB-F34F-3205-9AA1-6008784E899E}"
	ProjectSection(ProjectDependencies) = postProject
		{81F07FA2-36B9-3421-AE24-93E0967415C8} = {81F07FA2-36B9-3421-AE24-93E0967415C8}
		{C07FAA93-9576-308C-8C17-0067BCAB731A} = {C07FAA93-9576-308C-8C17-0067BCAB731A}
		{53339616-6106-3BA7-B7B7-5C6B6E03E947} = {53339616-6106-3BA7-B7B7-5C6B6E03E947}
		{CE3E029E-9EFB-39EA-9D8C-C3180DFC93EC} = {CE3E029E-9EFB-39EA-9D8C-C3180DFC93EC}
		{F418C641-E902-3280-A747-399C95972A1B} = {F418C641-E902-3280-A747-399C95972A1B}
		{5677B655-BCAB-30CD-994D-B312D5A828AB} = {5677B655-BCAB-30CD-994D-B312D5A828AB}
		{49DBC3EE-1EEF-38C3-8977-16528A18297D} = {49DBC3EE-1EEF-38C3-8977-16528A18297D}
		{0ED7B75E-9189-3FA6-A92C-46769D481762} = {0ED7B75E-9189-3FA6-A92C-46769D481762}
		{1874C657-1808-313A-B9E6-3603DC900DFB} = {1874C657-1808-313A-B9E6-3603DC900DFB}
		{2F964985-3B44-3E8B-8D39-8EDA99FBE170} = {2F964985-3B44-3E8B-8D39-8EDA99FBE170}
		{6941C649-5CFF-3455-BAA6-10CE7A66E294} = {6941C649-5CFF-3455-BAA6-10CE7A66E294}
		{F3BF43A0-BB41-3DAB-8AA2-EA686ED14D73} = {F3BF43A0-BB41-3DAB-8AA2-EA686ED14D73}
		{D7688772-9F80-35CA-A848-5821C024FE4A} = {D7688772-9F80-35CA-A848-5821C024FE4A}
		{B1273446-9E3E-3373-A037-0D1F2EA3EE7A} = {B1273446-9E3E-3373-A037-0D1F2EA3EE7A}
		{F22909E7-32CF-3B66-881E-880557D4C24B} = {F22909E7-32CF-3B66-881E-880557D4C24B}
		{BCEF9B5E-4AD1-3468-8EB6-9156A38A50BB} = {BCEF9B5E-4AD1-3468-8EB6-9156A38A50BB}
		{192AB728-DA29-3BB3-9868-BD0CEC5201FD} = {192AB728-DA29-3BB3-9868-BD0CEC5201FD}
		{8B9E1F28-C419-3F0D-8C74-5076455B0A78} = {8B9E1F28-C419-3F0D-8C74-5076455B0A78}
		{85742658-3B59-3A58-865E-61D9EED5C15D} = {85742658-3B59-3A58-865E-61D9EED5C15D}
	EndProjectSection
EndProject
Project("{8BC9CEB8-8B4A-11D0-8D11-00A0C91BC942}") = "PccLibBitstreamCommon", "..\..\lib\PccLibBitstreamCommon\PccLibBitstreamCommon.vcxproj", "{CE3E029E-9EFB-39EA-9D8C-C3180DFC93EC}"
	ProjectSection(ProjectDependencies) = postProject
		{F22909E7-32CF-3B66-881E-880557D4C24B} = {F22909E7-32CF-3B66-881E-880557D4C24B}
	EndProjectSection
EndProject
Project("{8BC9CEB8-8B4A-11D0-8D11-00A0C91BC942}") = "PccLibBitstreamWriter", "..\..\lib\PccLibBitstreamWriter\PccLibBitstreamWriter.vcxproj", "{F418C641-E902-3280-A747-399C95972A1B}"
	ProjectSection(ProjectDependencies) = postProject
		{CE3E029E-9EFB-39EA-9D8C-C3180DFC93EC} = {CE3E029E-9EFB-39EA-9D8C-C3180DFC93EC}
		{F22909E7-32CF-3B66-881E-880557D4C24B} = {F22909E7-32CF-3B66-881E-880557D4C24B}
	EndProjectSection
EndProject
Project("{8BC9CEB8-8B4A-11D0-8D11-00A0C91BC942}") = "PccLibColorConverter", "..\..\lib\PccLibColorConverter\PccLibColorConverter.vcxproj", "{5677B655-BCAB-30CD-994D-B312D5A828AB}"
	ProjectSection(ProjectDependencies) = postProject
		{CE3E029E-9EFB-39EA-9D8C-C3180DFC93EC} = {CE3E029E-9EFB-39EA-9D8C-C3180DFC93EC}
		{49DBC3EE-1EEF-38C3-8977-16528A18297D} = {49DBC3EE-1EEF-38C3-8977-16528A18297D}
		{F22909E7-32CF-3B66-881E-880557D4C24B} = {F22909E7-32CF-3B66-881E-880557D4C24B}
	EndProjectSection
EndProject
Project("{8BC9CEB8-8B4A-11D0-8D11-00A0C91BC942}") = "PccLibCommon", "..\..\lib\PccLibCommon\PccLibCommon.vcxproj", "{49DBC3EE-1EEF-38C3-8977-16528A18297D}"
	ProjectSection(ProjectDependencies) = postProject
		{CE3E029E-9EFB-39EA-9D8C-C3180DFC93EC} = {CE3E029E-9EFB-39EA-9D8C-C3180DFC93EC}
		{F22909E7-32CF-3B66-881E-880557D4C24B} = {F22909E7-32CF-3B66-881E-880557D4C24B}
	EndProjectSection
EndProject
Project("{8BC9CEB8-8B4A-11D0-8D11-00A0C91BC942}") = "PccLibEncoder", "..\..\lib\PccLibEncoder\PccLibEncoder.vcxproj", "{0ED7B75E-9189-3FA6-A92C-46769D481762}"
	ProjectSection(ProjectDependencies) = postProject
		{81F07FA2-36B9-3421-AE24-93E0967415C8} = {81F07FA2-36B9-3421-AE24-93E0967415C8}
		{C07FAA93-9576-308C-8C17-0067BCAB731A} = {C07FAA93-9576-308C-8C17-0067BCAB731A}
		{53339616-6106-3BA7-B7B7-5C6B6E03E947} = {53339616-6106-3BA7-B7B7-5C6B6E03E947}
		{CE3E029E-9EFB-39EA-9D8C-C3180DFC93EC} = {CE3E029E-9EFB-39EA-9D8C-C3180DFC93EC}
		{5677B655-BCAB-30CD-994D-B312D5A828AB} = {5677B655-BCAB-30CD-994D-B312D5A828AB}
		{49DBC3EE-1EEF-38C3-8977-16528A18297D} = {49DBC3EE-1EEF-38C3-8977-16528A18297D}
		{2F964985-3B44-3E8B-8D39-8EDA99FBE170} = {2F964985-3B44-3E8B-8D39-8EDA99FBE170}
		{6941C649-5CFF-3455-BAA6-10CE7A66E294} = {6941C649-5CFF-3455-BAA6-10CE7A66E294}
		{F3BF43A0-BB41-3DAB-8AA2-EA686ED14D73} = {F3BF43A0-BB41-3DAB-8AA2-EA686ED14D73}
		{D7688772-9F80-35CA-A848-5821C024FE4A} = {D7688772-9F80-35CA-A848-5821C024FE4A}
		{B1273446-9E3E-3373-A037-0D1F2EA3EE7A} = {B1273446-9E3E-3373-A037-0D1F2EA3EE7A}
		{F22909E7-32CF-3B66-881E-880557D4C24B} = {F22909E7-32CF-3B66-881E-880557D4C24B}
		{BCEF9B5E-4AD1-3468-8EB6-9156A38A50BB} = {BCEF9B5E-4AD1-3468-8EB6-9156A38A50BB}
		{192AB728-DA29-3BB3-9868-BD0CEC5201FD} = {192AB728-DA29-3BB3-9868-BD0CEC5201FD}
		{8B9E1F28-C419-3F0D-8C74-5076455B0A78} = {8B9E1F28-C419-3F0D-8C74-5076455B0A78}
	EndProjectSection
EndProject
Project("{8BC9CEB8-8B4A-11D0-8D11-00A0C91BC942}") = "PccLibMetrics", "..\..\lib\PccLibMetrics\PccLibMetrics.vcxproj", "{1874C657-1808-313A-B9E6-3603DC900DFB}"
	ProjectSection(ProjectDependencies) = postProject
		{CE3E029E-9EFB-39EA-9D8C-C3180DFC93EC} = {CE3E029E-9EFB-39EA-9D8C-C3180DFC93EC}
		{49DBC3EE-1EEF-38C3-8977-16528A18297D} = {49DBC3EE-1EEF-38C3-8977-16528A18297D}
		{F22909E7-32CF-3B66-881E-880557D4C24B} = {F22909E7-32CF-3B66-881E-880557D4C24B}
	EndProjectSection
EndProject
Project("{8BC9CEB8-8B4A-11D0-8D11-00A0C91BC942}") = "PccLibVideoEncoder", "..\..\lib\PccLibVideoEncoder\PccLibVideoEncoder.vcxproj", "{2F964985-3B44-3E8B-8D39-8EDA99FBE170}"
	ProjectSection(ProjectDependencies) = postProject
		{81F07FA2-36B9-3421-AE24-93E0967415C8} = {81F07FA2-36B9-3421-AE24-93E0967415C8}
		{C07FAA93-9576-308C-8C17-0067BCAB731A} = {C07FAA93-9576-308C-8C17-0067BCAB731A}
		{53339616-6106-3BA7-B7B7-5C6B6E03E947} = {53339616-6106-3BA7-B7B7-5C6B6E03E947}
		{CE3E029E-9EFB-39EA-9D8C-C3180DFC93EC} = {CE3E029E-9EFB-39EA-9D8C-C3180DFC93EC}
		{49DBC3EE-1EEF-38C3-8977-16528A18297D} = {49DBC3EE-1EEF-38C3-8977-16528A18297D}
		{6941C649-5CFF-3455-BAA6-10CE7A66E294} = {6941C649-5CFF-3455-BAA6-10CE7A66E294}
		{F3BF43A0-BB41-3DAB-8AA2-EA686ED14D73} = {F3BF43A0-BB41-3DAB-8AA2-EA686ED14D73}
		{D7688772-9F80-35CA-A848-5821C024FE4A} = {D7688772-9F80-35CA-A848-5821C024FE4A}
		{B1273446-9E3E-3373-A037-0D1F2EA3EE7A} = {B1273446-9E3E-3373-A037-0D1F2EA3EE7A}
		{F22909E7-32CF-3B66-881E-880557D4C24B} = {F22909E7-32CF-3B66-881E-880557D4C24B}
		{BCEF9B5E-4AD1-3468-8EB6-9156A38A50BB} = {BCEF9B5E-4AD1-3468-8EB6-9156A38A50BB}
		{192AB728-DA29-3BB3-9868-BD0CEC5201FD} = {192AB728-DA29-3BB3-9868-BD0CEC5201FD}
		{8B9E1F28-C419-3F0D-8C74-5076455B0A78} = {8B9E1F28-C419-3F0D-8C74-5076455B0A78}
	EndProjectSection
EndProject
Project("{8BC9CEB8-8B4A-11D0-8D11-00A0C91BC942}") = "TLibCommon", "..\..\..\\TLibCommon.vcxproj", "{6941C649-5CFF-3455-BAA6-10CE7A66E294}"
	ProjectSection(ProjectDependencies) = postProject
		{F22909E7-32CF-3B66-881E-880557D4C24B} = {F22909E7-32CF-3B66-881E-880557D4C24B}
		{192AB728-DA29-3BB3-9868-BD0CEC5201FD} = {192AB728-DA29-3BB3-9868-BD0CEC5201FD}
	EndProjectSection
EndProject
Project("{8BC9CEB8-8B4A-11D0-8D11-00A0C91BC942}") = "TLibEncoder", "..\..\..\\TLibEncoder.vcxproj", "{F3BF43A0-BB41-3DAB-8AA2-EA686ED14D73}"
	ProjectSection(ProjectDependencies) = postProject
		{6941C649-5CFF-3455-BAA6-10CE7A66E294} = {6941C649-5CFF-3455-BAA6-10CE7A66E294}
		{D7688772-9F80-35CA-A848-5821C024FE4A} = {D7688772-9F80-35CA-A848-5821C024FE4A}
		{F22909E7-32CF-3B66-881E-880557D4C24B} = {F22909E7-32CF-3B66-881E-880557D4C24B}
		{192AB728-DA29-3BB3-9868-BD0CEC5201FD} = {192AB728-DA29-3BB3-9868-BD0CEC5201FD}
	EndProjectSection
EndProject
Project("{8BC9CEB8-8B4A-11D0-8D11-00A0C91BC942}") = "TLibVideoIO", "..\..\..\\TLibVideoIO.vcxproj", "{D7688772-9F80-35CA-A848-5821C024FE4A}"
	ProjectSection(ProjectDependencies) = postProject
		{6941C649-5CFF-3455-BAA6-10CE7A66E294} = {6941C649-5CFF-3455-BAA6-10CE7A66E294}
		{F22909E7-32CF-3B66-881E-880557D4C24B} = {F22909E7-32CF-3B66-881E-880557D4C24B}
		{192AB728-DA29-3BB3-9868-BD0CEC5201FD} = {192AB728-DA29-3BB3-9868-BD0CEC5201FD}
	EndProjectSection
EndProject
Project("{8BC9CEB8-8B4A-11D0-8D11-00A0C91BC942}") = "Utilities_vtm", "..\..\..\\Utilities_vtm.vcxproj", "{B1273446-9E3E-3373-A037-0D1F2EA3EE7A}"
	ProjectSection(ProjectDependencies) = postProject
		{81F07FA2-36B9-3421-AE24-93E0967415C8} = {81F07FA2-36B9-3421-AE24-93E0967415C8}
		{F22909E7-32CF-3B66-881E-880557D4C24B} = {F22909E7-32CF-3B66-881E-880557D4C24B}
		{8B9E1F28-C419-3F0D-8C74-5076455B0A78} = {8B9E1F28-C419-3F0D-8C74-5076455B0A78}
	EndProjectSection
EndProject
Project("{8BC9CEB8-8B4A-11D0-8D11-00A0C91BC942}") = "ZERO_CHECK", "..\..\..\\ZERO_CHECK.vcxproj", "{F22909E7-32CF-3B66-881E-880557D4C24B}"
	ProjectSection(ProjectDependencies) = postProject
	EndProjectSection
EndProject
Project("{8BC9CEB8-8B4A-11D0-8D11-00A0C91BC942}") = "lencod", "..\..\..\\lencod.vcxproj", "{BCEF9B5E-4AD1-3468-8EB6-9156A38A50BB}"
	ProjectSection(ProjectDependencies) = postProject
		{F22909E7-32CF-3B66-881E-880557D4C24B} = {F22909E7-32CF-3B66-881E-880557D4C24B}
	EndProjectSection
EndProject
Project("{8BC9CEB8-8B4A-11D0-8D11-00A0C91BC942}") = "libmd5", "..\..\..\\libmd5.vcxproj", "{192AB728-DA29-3BB3-9868-BD0CEC5201FD}"
	ProjectSection(ProjectDependencies) = postProject
		{F22909E7-32CF-3B66-881E-880557D4C24B} = {F22909E7-32CF-3B66-881E-880557D4C24B}
	EndProjectSection
EndProject
Project("{8BC9CEB8-8B4A-11D0-8D11-00A0C91BC942}") = "libmd5_vtm", "..\..\..\\libmd5_vtm.vcxproj", "{8B9E1F28-C419-3F0D-8C74-5076455B0A78}"
	ProjectSection(ProjectDependencies) = postProject
		{F22909E7-32CF-3B66-881E-880557D4C24B} = {F22909E7-32CF-3B66-881E-880557D4C24B}
	EndProjectSection
EndProject
Project("{8BC9CEB8-8B4A-11D0-8D11-00A0C91BC942}") = "tbb_static", "..\..\..\dependencies\tbb\tbb_static.vcxproj", "{85742658-3B59-3A58-865E-61D9EED5C15D}"
	ProjectSection(ProjectDependencies) = postProject
		{F22909E7-32CF-3B66-881E-880557D4C24B} = {F22909E7-32CF-3B66-881E-880557D4C24B}
	EndProjectSection
EndProject
Global
	GlobalSection(SolutionConfigurationPlatforms) = preSolution
		Debug|x64 = Debug|x64
		Release|x64 = Release|x64
		MinSizeRel|x64 = MinSizeRel|x64
		RelWithDebInfo|x64 = RelWithDebInfo|x64
	EndGlobalSection
	GlobalSection(ProjectConfigurationPlatforms) = postSolution
		{48684AE8-1C0F-3C1C-8CE4-D3606592D708}.Debug|x64.ActiveCfg = Debug|x64
		{48684AE8-1C0F-3C1C-8CE4-D3606592D708}.Debug|x64.Build.0 = Debug|x64
		{48684AE8-1C0F-3C1C-8CE4-D3606592D708}.Release|x64.ActiveCfg = Release|x64
		{48684AE8-1C0F-3C1C-8CE4-D3606592D708}.Release|x64.Build.0 = Release|x64
		{48684AE8-1C0F-3C1C-8CE4-D3606592D708}.MinSizeRel|x64.ActiveCfg = MinSizeRel|x64
		{48684AE8-1C0F-3C1C-8CE4-D3606592D708}.MinSizeRel|x64.Build.0 = MinSizeRel|x64
		{48684AE8-1C0F-3C1C-8CE4-D3606592D708}.RelWithDebInfo|x64.ActiveCfg = RelWithDebInfo|x64
		{48684AE8-1C0F-3C1C-8CE4-D3606592D708}.RelWithDebInfo|x64.Build.0 = RelWithDebInfo|x64
		{81F07FA2-36B9-3421-AE24-93E0967415C8}.Debug|x64.ActiveCfg = Debug|x64
		{81F07FA2-36B9-3421-AE24-93E0967415C8}.Debug|x64.Build.0 = Debug|x64
		{81F07FA2-36B9-3421-AE24-93E0967415C8}.Release|x64.ActiveCfg = Release|x64
		{81F07FA2-36B9-3421-AE24-93E0967415C8}.Release|x64.Build.0 = Release|x64
		{81F07FA2-36B9-3421-AE24-93E0967415C8}.MinSizeRel|x64.ActiveCfg = MinSizeRel|x64
		{81F07FA2-36B9-3421-AE24-93E0967415C8}.MinSizeRel|x64.Build.0 = MinSizeRel|x64
		{81F07FA2-36B9-3421-AE24-93E0967415C8}.RelWithDebInfo|x64.ActiveCfg = RelWithDebInfo|x64
		{81F07FA2-36B9-3421-AE24-93E0967415C8}.RelWithDebInfo|x64.Build.0 = RelWithDebInfo|x64
		{C07FAA93-9576-308C-8C17-0067BCAB731A}.Debug|x64.ActiveCfg = Debug|x64
		{C07FAA93-9576-308C-8C17-0067BCAB731A}.Debug|x64.Build.0 = Debug|x64
		{C07FAA93-9576-308C-8C17-0067BCAB731A}.Release|x64.ActiveCfg = Release|x64
		{C07FAA93-9576-308C-8C17-0067BCAB731A}.Release|x64.Build.0 = Release|x64
		{C07FAA93-9576-308C-8C17-0067BCAB731A}.MinSizeRel|x64.ActiveCfg = MinSizeRel|x64
		{C07FAA93-9576-308C-8C17-0067BCAB731A}.MinSizeRel|x64.Build.0 = MinSizeRel|x64
		{C07FAA93-9576-308C-8C17-0067BCAB731A}.RelWithDebInfo|x64.ActiveCfg = RelWithDebInfo|x64
		{C07FAA93-9576-308C-8C17-0067BCAB731A}.RelWithDebInfo|x64.Build.0 = RelWithDebInfo|x64
		{53339616-6106-3BA7-B7B7-5C6B6E03E947}.Debug|x64.ActiveCfg = Debug|x64
		{53339616-6106-3BA7-B7B7-5C6B6E03E947}.Debug|x64.Build.0 = Debug|x64
		{53339616-6106-3BA7-B7B7-5C6B6E03E947}.Release|x64.ActiveCfg = Release|x64
		{53339616-6106-3BA7-B7B7-5C6B6E03E947}.Release|x64.Build.0 = Release|x64
		{53339616-6106-3BA7-B7B7-5C6B6E03E947}.MinSizeRel|x64.ActiveCfg = MinSizeRel|x64
		{53339616-6106-3BA7-B7B7-5C6B6E03E947}.MinSizeRel|x64.Build.0 = MinSizeRel|x64
		{53339616-6106-3BA7-B7B7-5C6B6E03E947}.RelWithDebInfo|x64.ActiveCfg = RelWithDebInfo|x64
		{53339616-6106-3BA7-B7B7-5C6B6E03E947}.RelWithDebInfo|x64.Build.0 = RelWithDebInfo|x64
		{5098F529-4349-3908-B553-4F2242A8BD64}.Debug|x64.ActiveCfg = Debug|x64
		{5098F529-4349-3908-B553-4F2242A8BD64}.Release|x64.ActiveCfg = Release|x64
		{5098F529-4349-3908-B553-4F2242A8BD64}.MinSizeRel|x64.ActiveCfg = MinSizeRel|x64
		{5098F529-4349-3908-B553-4F2242A8BD64}.RelWithDebInfo|x64.ActiveCfg = RelWithDebInfo|x64
		{15FDFCEB-F34F-3205-9AA1-6008784E899E}.Debug|x64.ActiveCfg = Debug|x64
		{15FDFCEB-F34F-3205-9AA1-6008784E899E}.Debug|x64.Build.0 = Debug|x64
		{15FDFCEB-F34F-3205-9AA1-6008784E899E}.Release|x64.ActiveCfg = Release|x64
		{15FDFCEB-F34F-3205-9AA1-6008784E899E}.Release|x64.Build.0 = Release|x64
		{15FDFCEB-F34F-3205-9AA1-6008784E899E}.MinSizeRel|x64.ActiveCfg = MinSizeRel|x64
		{15FDFCEB-F34F-3205-9AA1-6008784E899E}.MinSizeRel|x64.Build.0 = MinSizeRel|x64
		{15FDFCEB-F34F-3205-9AA1-6008784E899E}.RelWithDebInfo|x64.ActiveCfg = RelWithDebInfo|x64
		{15FDFCEB-F34F-3205-9AA1-6008784E899E}.RelWithDebInfo|x64.Build.0 = RelWithDebInfo|x64
		{CE3E029E-9EFB-39EA-9D8C-C3180DFC93EC}.Debug|x64.ActiveCfg = Debug|x64
		{CE3E029E-9EFB-39EA-9D8C-C3180DFC93EC}.Debug|x64.Build.0 = Debug|x64
		{CE3E029E-9EFB-39EA-9D8C-C3180DFC93EC}.Release|x64.ActiveCfg = Release|x64
		{CE3E029E-9EFB-39EA-9D8C-C3180DFC93EC}.Release|x64.Build.0 = Release|x64
		{CE3E029E-9EFB-39EA-9D8C-C3180DFC93EC}.MinSizeRel|x64.ActiveCfg = MinSizeRel|x64
		{CE3E029E-9EFB-39EA-9D8C-C3180DFC93EC}.MinSizeRel|x64.Build.0 = MinSizeRel|x64
		{CE3E029E-9EFB-39EA-9D8C-C3180DFC93EC}.RelWithDebInfo|x64.ActiveCfg = RelWithDebInfo|x64
		{CE3E029E-9EFB-39EA-9D8C-C3180DFC93EC}.RelWithDebInfo|x64.Build.0 = RelWithDebInfo|x64
		{F418C641-E902-3280-A747-399C95972A1B}.Debug|x64.ActiveCfg = Debug|x64
		{F418C641-E902-3280-A747-399C95972A1B}.Debug|x64.Build.0 = Debug|x64
		{F418C641-E902-3280-A747-399C95972A1B}.Release|x64.ActiveCfg = Release|x64
		{F418C641-E902-3280-A747-399C95972A1B}.Release|x64.Build.0 = Release|x64
		{F418C641-E902-3280-A747-399C95972A1B}.MinSizeRel|x64.ActiveCfg = MinSizeRel|x64
		{F418C641-E902-3280-A747-399C95972A1B}.MinSizeRel|x64.Build.0 = MinSizeRel|x64
		{F418C641-E902-3280-A747-399C95972A1B}.RelWithDebInfo|x64.ActiveCfg = RelWithDebInfo|x64
		{F418C641-E902-3280-A747-399C95972A1B}.RelWithDebInfo|x64.Build.0 = RelWithDebInfo|x64
		{5677B655-BCAB-30CD-994D-B312D5A828AB}.Debug|x64.ActiveCfg = Debug|x64
		{5677B655-BCAB-30CD-994D-B312D5A828AB}.Debug|x64.Build.0 = Debug|x64
		{5677B655-BCAB-30CD-994D-B312D5A828AB}.Release|x64.ActiveCfg = Release|x64
		{5677B655-BCAB-30CD-994D-B312D5A828AB}.Release|x64.Build.0 = Release|x64
		{5677B655-BCAB-30CD-994D-B312D5A828AB}.MinSizeRel|x64.ActiveCfg = MinSizeRel|x64
		{5677B655-BCAB-30CD-994D-B312D5A828AB}.MinSizeRel|x64.Build.0 = MinSizeRel|x64
		{5677B655-BCAB-30CD-994D-B312D5A828AB}.RelWithDebInfo|x64.ActiveCfg = RelWithDebInfo|x64
		{5677B655-BCAB-30CD-994D-B312D5A828AB}.RelWithDebInfo|x64.Build.0 = RelWithDebInfo|x64
		{49DBC3EE-1EEF-38C3-8977-16528A18297D}.Debug|x64.ActiveCfg = Debug|x64
		{49DBC3EE-1EEF-38C3-8977-16528A18297D}.Debug|x64.Build.0 = Debug|x64
		{49DBC3EE-1EEF-38C3-8977-16528A18297D}.Release|x64.ActiveCfg = Release|x64
		{49DBC3EE-1EEF-38C3-8977-16528A18297D}.Release|x64.Build.0 = Release|x64
		{49DBC3EE-1EEF-38C3-8977-16528A18297D}.MinSizeRel|x64.ActiveCfg = MinSizeRel|x64
		{49DBC3EE-1EEF-38C3-8977-16528A18297D}.MinSizeRel|x64.Build.0 = MinSizeRel|x64
		{49DBC3EE-1EEF-38C3-8977-16528A18297D}.RelWithDebInfo|x64.ActiveCfg = RelWithDebInfo|x64
		{49DBC3EE-1EEF-38C3-8977-16528A18297D}.RelWithDebInfo|x64.Build.0 = RelWithDebInfo|x64
		{0ED7B75E-9189-3FA6-A92C-46769D481762}.Debug|x64.ActiveCfg = Debug|x64
		{0ED7B75E-9189-3FA6-A92C-46769D481762}.Debug|x64.Build.0 = Debug|x64
		{0ED7B75E-9189-3FA6-A92C-46769D481762}.Release|x64.ActiveCfg = Release|x64
		{0ED7B75E-9189-3FA6-A92C-46769D481762}.Release|x64.Build.0 = Release|x64
		{0ED7B75E-9189-3FA6-A92C-46769D481762}.MinSizeRel|x64.ActiveCfg = MinSizeRel|x64
		{0ED7B75E-9189-3FA6-A92C-46769D481762}.MinSizeRel|x64.Build.0 = MinSizeRel|x64
		{0ED7B75E-9189-3FA6-A92C-46769D481762}.RelWithDebInfo|x64.ActiveCfg = RelWithDebInfo|x64
		{0ED7B75E-9189-3FA6-A92C-46769D481762}.RelWithDebInfo|x64.Build.0 = RelWithDebInfo|x64
		{1874C657-1808-313A-B9E6-3603DC900DFB}.Debug|x64.ActiveCfg = Debug|x64
		{1874C657-1808-313A-B9E6-3603DC900DFB}.Debug|x64.Build.0 = Debug|x64
		{1874C657-1808-313A-B9E6-3603DC900DFB}.Release|x64.ActiveCfg = Release|x64
		{1874C657-1808-313A-B9E6-3603DC900DFB}.Release|x64.Build.0 = Release|x64
		{1874C657-1808-313A-B9E6-3603DC900DFB}.MinSizeRel|x64.ActiveCfg = MinSizeRel|x64
		{1874C657-1808-313A-B9E6-3603DC900DFB}.MinSizeRel|x64.Build.0 = MinSizeRel|x64
		{1874C657-1808-313A-B9E6-3603DC900DFB}.RelWithDebInfo|x64.ActiveCfg = RelWithDebInfo|x64
		{1874C657-1808-313A-B9E6-3603DC900DFB}.RelWithDebInfo|x64.Build.0 = RelWithDebInfo|x64
		{2F964985-3B44-3E8B-8D39-8EDA99FBE170}.Debug|x64.ActiveCfg = Debug|x64
		{2F964985-3B44-3E8B-8D39-8EDA99FBE170}.Debug|x64.Build.0 = Debug|x64
		{2F964985-3B44-3E8B-8D39-8EDA99FBE170}.Release|x64.ActiveCfg = Release|x64
		{2F964985-3B44-3E8B-8D39-8EDA99FBE170}.Release|x64.Build.0 = Release|x64
		{2F964985-3B44-3E8B-8D39-8EDA99FBE170}.MinSizeRel|x64.ActiveCfg = MinSizeRel|x64
		{2F964985-3B44-3E8B-8D39-8EDA99FBE170}.MinSizeRel|x64.Build.0 = MinSizeRel|x64
		{2F964985-3B44-3E8B-8D39-8EDA99FBE170}.RelWithDebInfo|x64.ActiveCfg = RelWithDebInfo|x64
		{2F964985-3B44-3E8B-8D39-8EDA99FBE170}.RelWithDebInfo|x64.Build.0 = RelWithDebInfo|x64
		{6941C649-5CFF-3455-BAA6-10CE7A66E294}.Debug|x64.ActiveCfg = Debug|x64
		{6941C649-5CFF-3455-BAA6-10CE7A66E294}.Debug|x64.Build.0 = Debug|x64
		{6941C649-5CFF-3455-BAA6-10CE7A66E294}.Release|x64.ActiveCfg = Release|x64
		{6941C649-5CFF-3455-BAA6-10CE7A66E294}.Release|x64.Build.0 = Release|x64
		{6941C649-5CFF-3455-BAA6-10CE7A66E294}.MinSizeRel|x64.ActiveCfg = MinSizeRel|x64
		{6941C649-5CFF-3455-BAA6-10CE7A66E294}.MinSizeRel|x64.Build.0 = MinSizeRel|x64
		{6941C649-5CFF-3455-BAA6-10CE7A66E294}.RelWithDebInfo|x64.ActiveCfg = RelWithDebInfo|x64
		{6941C649-5CFF-3455-BAA6-10CE7A66E294}.RelWithDebInfo|x64.Build.0 = RelWithDebInfo|x64
		{F3BF43A0-BB41-3DAB-8AA2-EA686ED14D73}.Debug|x64.ActiveCfg = Debug|x64
		{F3BF43A0-BB41-3DAB-8AA2-EA686ED14D73}.Debug|x64.Build.0 = Debug|x64
		{F3BF43A0-BB41-3DAB-8AA2-EA686ED14D73}.Release|x64.ActiveCfg = Release|x64
		{F3BF43A0-BB41-3DAB-8AA2-EA686ED14D73}.Release|x64.Build.0 = Release|x64
		{F3BF43A0-BB41-3DAB-8AA2-EA686ED14D73}.MinSizeRel|x64.ActiveCfg = MinSizeRel|x64
		{F3BF43A0-BB41-3DAB-8AA2-EA686ED14D73}.MinSizeRel|x64.Build.0 = MinSizeRel|x64
		{F3BF43A0-BB41-3DAB-8AA2-EA686ED14D73}.RelWithDebInfo|x64.ActiveCfg = RelWithDebInfo|x64
		{F3BF43A0-BB41-3DAB-8AA2-EA686ED14D73}.RelWithDebInfo|x64.Build.0 = RelWithDebInfo|x64
		{D7688772-9F80-35CA-A848-5821C024FE4A}.Debug|x64.ActiveCfg = Debug|x64
		{D7688772-9F80-35CA-A848-5821C024FE4A}.Debug|x64.Build.0 = Debug|x64
		{D7688772-9F80-35CA-A848-5821C024FE4A}.Release|x64.ActiveCfg = Release|x64
		{D7688772-9F80-35CA-A848-5821C024FE4A}.Release|x64.Build.0 = Release|x64
		{D7688772-9F80-35CA-A848-5821C024FE4A}.MinSizeRel|x64.ActiveCfg = MinSizeRel|x64
		{D7688772-9F80-35CA-A848-5821C024FE4A}.MinSizeRel|x64.Build.0 = MinSizeRel|x64
		{D7688772-9F80-35CA-A848-5821C024FE4A}.RelWithDebInfo|x64.ActiveCfg = RelWithDebInfo|x64
		{D7688772-9F80-35CA-A848-5821C024FE4A}.RelWithDebInfo|x64.Build.0 = RelWithDebInfo|x64
		{B1273446-9E3E-3373-A037-0D1F2EA3EE7A}.Debug|x64.ActiveCfg = Debug|x64
		{B1273446-9E3E-3373-A037-0D1F2EA3EE7A}.Debug|x64.Build.0 = Debug|x64
		{B1273446-9E3E-3373-A037-0D1F2EA3EE7A}.Release|x64.ActiveCfg = Release|x64
		{B1273446-9E3E-3373-A037-0D1F2EA3EE7A}.Release|x64.Build.0 = Release|x64
		{B1273446-9E3E-3373-A037-0D1F2EA3EE7A}.MinSizeRel|x64.ActiveCfg = MinSizeRel|x64
		{B1273446-9E3E-3373-A037-0D1F2EA3EE7A}.MinSizeRel|x64.Build.0 = MinSizeRel|x64
		{B1273446-9E3E-3373-A037-0D1F2EA3EE7A}.RelWithDebInfo|x64.ActiveCfg = RelWithDebInfo|x64
		{B1273446-9E3E-3373-A037-0D1F2EA3EE7A}.RelWithDebInfo|x64.Build.0 = RelWithDebInfo|x64
		{F22909E7-32CF-3B66-881E-880557D4C24B}.Debug|x64.ActiveCfg = Debug|x64
		{F22909E7-32CF-3B66-881E-880557D4C24B}.Debug|x64.Build.0 = Debug|x64
		{F22909E7-32CF-3B66-881E-880557D4C24B}.Release|x64.ActiveCfg = Release|x64
		{F22909E7-32CF-3B66-881E-880557D4C24B}.Release|x64.Build.0 = Release|x64
		{F22909E7-32CF-3B66-881E-880557D4C24B}.MinSizeRel|x64.ActiveCfg = MinSizeRel|x64
		{F22909E7-32CF-3B66-881E-880557D4C24B}.MinSizeRel|x64.Build.0 = MinSizeRel|x64
		{F22909E7-32CF-3B66-881E-880557D4C24B}.RelWithDebInfo|x64.ActiveCfg = RelWithDebInfo|x64
		{F22909E7-32CF-3B66-881E-880557D4C24B}.RelWithDebInfo|x64.Build.0 = RelWithDebInfo|x64
		{BCEF9B5E-4AD1-3468-8EB6-9156A38A50BB}.Debug|x64.ActiveCfg = Debug|x64
		{BCEF9B5E-4AD1-3468-8EB6-9156A38A50BB}.Debug|x64.Build.0 = Debug|x64
		{BCEF9B5E-4AD1-3468-8EB6-9156A38A50BB}.Release|x64.ActiveCfg = Release|x64
		{BCEF9B5E-4AD1-3468-8EB6-9156A38A50BB}.Release|x64.Build.0 = Release|x64
		{BCEF9B5E-4AD1-3468-8EB6-9156A38A50BB}.MinSizeRel|x64.ActiveCfg = MinSizeRel|x64
		{BCEF9B5E-4AD1-3468-8EB6-9156A38A50BB}.MinSizeRel|x64.Build.0 = MinSizeRel|x64
		{BCEF9B5E-4AD1-3468-8EB6-9156A38A50BB}.RelWithDebInfo|x64.ActiveCfg = RelWithDebInfo|x64
		{BCEF9B5E-4AD1-3468-8EB6-9156A38A50BB}.RelWithDebInfo|x64.Build.0 = RelWithDebInfo|x64
		{192AB728-DA29-3BB3-9868-BD0CEC5201FD}.Debug|x64.ActiveCfg = Debug|x64
		{192AB728-DA29-3BB3-9868-BD0CEC5201FD}.Debug|x64.Build.0 = Debug|x64
		{192AB728-DA29-3BB3-9868-BD0CEC5201FD}.Release|x64.ActiveCfg = Release|x64
		{192AB728-DA29-3BB3-9868-BD0CEC5201FD}.Release|x64.Build.0 = Release|x64
		{192AB728-DA29-3BB3-9868-BD0CEC5201FD}.MinSizeRel|x64.ActiveCfg = MinSizeRel|x64
		{192AB728-DA29-3BB3-9868-BD0CEC5201FD}.MinSizeRel|x64.Build.0 = MinSizeRel|x64
		{192AB728-DA29-3BB3-9868-BD0CEC5201FD}.RelWithDebInfo|x64.ActiveCfg = RelWithDebInfo|x64
		{192AB728-DA29-3BB3-9868-BD0CEC5201FD}.RelWithDebInfo|x64.Build.0 = RelWithDebInfo|x64
		{8B9E1F28-C419-3F0D-8C74-5076455B0A78}.Debug|x64.ActiveCfg = Debug|x64
		{8B9E1F28-C419-3F0D-8C74-5076455B0A78}.Debug|x64.Build.0 = Debug|x64
		{8B9E1F28-C419-3F0D-8C74-5076455B0A78}.Release|x64.ActiveCfg = Release|x64
		{8B9E1F28-C419-3F0D-8C74-5076455B0A78}.Release|x64.Build.0 = Release|x64
		{8B9E1F28-C419-3F0D-8C74-5076455B0A78}.MinSizeRel|x64.ActiveCfg = MinSizeRel|x64
		{8B9E1F28-C419-3F0D-8C74-5076455B0A78}.MinSizeRel|x64.Build.0 = MinSizeRel|x64
		{8B9E1F28-C419-3F0D-8C74-5076455B0A78}.RelWithDebInfo|x64.ActiveCfg = RelWithDebInfo|x64
		{8B9E1F28-C419-3F0D-8C74-5076455B0A78}.RelWithDebInfo|x64.Build.0 = RelWithDebInfo|x64
		{85742658-3B59-3A58-865E-61D9EED5C15D}.Debug|x64.ActiveCfg = Debug|x64
		{85742658-3B59-3A58-865E-61D9EED5C15D}.Debug|x64.Build.0 = Debug|x64
		{85742658-3B59-3A58-865E-61D9EED5C15D}.Release|x64.ActiveCfg = Release|x64
		{85742658-3B59-3A58-865E-61D9EED5C15D}.Release|x64.Build.0 = Release|x64
		{85742658-3B59-3A58-865E-61D9EED5C15D}.MinSizeRel|x64.ActiveCfg = MinSizeRel|x64
		{85742658-3B59-3A58-865E-61D9EED5C15D}.MinSizeRel|x64.Build.0 = MinSizeRel|x64
		{85742658-3B59-3A58-865E-61D9EED5C15D}.RelWithDebInfo|x64.ActiveCfg = RelWithDebInfo|x64
		{85742658-3B59-3A58-865E-61D9EED5C15D}.RelWithDebInfo|x64.Build.0 = RelWithDebInfo|x64
	EndGlobalSection
	GlobalSection(ExtensibilityGlobals) = postSolution
		SolutionGuid = {B2F21F87-6A90-3B39-BA17-3DF8594FEF46}
	EndGlobalSection
	GlobalSection(ExtensibilityAddIns) = postSolution
	EndGlobalSection
EndGlobal
