
Microsoft Visual Studio Solution File, Format Version 12.00
# Visual Studio Version 17
Project("{8BC9CEB8-8B4A-11D0-8D11-00A0C91BC942}") = "ALL_BUILD", "ALL_BUILD.vcxproj", "{48684AE8-1C0F-3C1C-8CE4-D3606592D708}"
	ProjectSection(ProjectDependencies) = postProject
		{1874C657-1808-313A-B9E6-3603DC900DFB} = {1874C657-1808-313A-B9E6-3603DC900DFB}
		{F22909E7-32CF-3B66-881E-880557D4C24B} = {F22909E7-32CF-3B66-881E-880557D4C24B}
	EndProjectSection
EndProject
Project("{8BC9CEB8-8B4A-11D0-8D11-00A0C91BC942}") = "INSTALL", "INSTALL.vcxproj", "{5098F529-4349-3908-B553-4F2242A8BD64}"
	ProjectSection(ProjectDependencies) = postProject
		{48684AE8-1C0F-3C1C-8CE4-D3606592D708} = {48684AE8-1C0F-3C1C-8CE4-D3606592D708}
		{F22909E7-32CF-3B66-881E-880557D4C24B} = {F22909E7-32CF-3B66-881E-880557D4C24B}
	EndProjectSection
EndProject
Project("{8BC9CEB8-8B4A-11D0-8D11-00A0C91BC942}") = "PccLibBitstreamCommon", "..\PccLibBitstreamCommon\PccLibBitstreamCommon.vcxproj", "{CE3E029E-9EFB-39EA-9D8C-C3180DFC93EC}"
	ProjectSection(ProjectDependencies) = postProject
		{F22909E7-32CF-3B66-881E-880557D4C24B} = {F22909E7-32CF-3B66-881E-880557D4C24B}
	EndProjectSection
EndProject
Project("{8BC9CEB8-8B4A-11D0-8D11-00A0C91BC942}") = "PccLibCommon", "..\PccLibCommon\PccLibCommon.vcxproj", "{49DBC3EE-1EEF-38C3-8977-16528A18297D}"
	ProjectSection(ProjectDependencies) = postProject
		{CE3E029E-9EFB-39EA-9D8C-C3180DFC93EC} = {CE3E029E-9EFB-39EA-9D8C-C3180DFC93EC}
		{F22909E7-32CF-3B66-881E-880557D4C24B} = {F22909E7-32CF-3B66-881E-880557D4C24B}
	EndProjectSection
EndProject
Project("{8BC9CEB8-8B4A-11D0-8D11-00A0C91BC942}") = "PccLibMetrics", "PccLibMetrics.vcxproj", "{1874C657-1808-313A-B9E6-3603DC900DFB}"
	ProjectSection(ProjectDependencies) = postProject
		{CE3E029E-9EFB-39EA-9D8C-C3180DFC93EC} = {CE3E029E-9EFB-39EA-9D8C-C3180DFC93EC}
		{49DBC3EE-1EEF-38C3-8977-16528A18297D} = {49DBC3EE-1EEF-38C3-8977-16528A18297D}
		{F22909E7-32CF-3B66-881E-880557D4C24B} = {F22909E7-32CF-3B66-881E-880557D4C24B}
	EndProjectSection
EndProject
Project("{8BC9CEB8-8B4A-11D0-8D11-00A0C91BC942}") = "ZERO_CHECK", "..\..\..\\ZERO_CHECK.vcxproj", "{F22909E7-32CF-3B66-881E-880557D4C24B}"
	ProjectSection(ProjectDependencies) = postProject
	EndProjectSection
EndProject
Global
	GlobalSection(SolutionConfigurationPlatforms) = preSolution
		Debug|x64 = Debug|x64
		Release|x64 = Release|x64
		MinSizeRel|x64 = MinSizeRel|x64
		RelWithDebInfo|x64 = RelWithDebInfo|x64
	EndGlobalSection
	GlobalSection(ProjectConfigurationPlatforms) = postSolution
		{48684AE8-1C0F-3C1C-8CE4-D3606592D708}.Debug|x64.ActiveCfg = Debug|x64
		{48684AE8-1C0F-3C1C-8CE4-D3606592D708}.Debug|x64.Build.0 = Debug|x64
		{48684AE8-1C0F-3C1C-8CE4-D3606592D708}.Release|x64.ActiveCfg = Release|x64
		{48684AE8-1C0F-3C1C-8CE4-D3606592D708}.Release|x64.Build.0 = Release|x64
		{48684AE8-1C0F-3C1C-8CE4-D3606592D708}.MinSizeRel|x64.ActiveCfg = MinSizeRel|x64
		{48684AE8-1C0F-3C1C-8CE4-D3606592D708}.MinSizeRel|x64.Build.0 = MinSizeRel|x64
		{48684AE8-1C0F-3C1C-8CE4-D3606592D708}.RelWithDebInfo|x64.ActiveCfg = RelWithDebInfo|x64
		{48684AE8-1C0F-3C1C-8CE4-D3606592D708}.RelWithDebInfo|x64.Build.0 = RelWithDebInfo|x64
		{5098F529-4349-3908-B553-4F2242A8BD64}.Debug|x64.ActiveCfg = Debug|x64
		{5098F529-4349-3908-B553-4F2242A8BD64}.Release|x64.ActiveCfg = Release|x64
		{5098F529-4349-3908-B553-4F2242A8BD64}.MinSizeRel|x64.ActiveCfg = MinSizeRel|x64
		{5098F529-4349-3908-B553-4F2242A8BD64}.RelWithDebInfo|x64.ActiveCfg = RelWithDebInfo|x64
		{CE3E029E-9EFB-39EA-9D8C-C3180DFC93EC}.Debug|x64.ActiveCfg = Debug|x64
		{CE3E029E-9EFB-39EA-9D8C-C3180DFC93EC}.Debug|x64.Build.0 = Debug|x64
		{CE3E029E-9EFB-39EA-9D8C-C3180DFC93EC}.Release|x64.ActiveCfg = Release|x64
		{CE3E029E-9EFB-39EA-9D8C-C3180DFC93EC}.Release|x64.Build.0 = Release|x64
		{CE3E029E-9EFB-39EA-9D8C-C3180DFC93EC}.MinSizeRel|x64.ActiveCfg = MinSizeRel|x64
		{CE3E029E-9EFB-39EA-9D8C-C3180DFC93EC}.MinSizeRel|x64.Build.0 = MinSizeRel|x64
		{CE3E029E-9EFB-39EA-9D8C-C3180DFC93EC}.RelWithDebInfo|x64.ActiveCfg = RelWithDebInfo|x64
		{CE3E029E-9EFB-39EA-9D8C-C3180DFC93EC}.RelWithDebInfo|x64.Build.0 = RelWithDebInfo|x64
		{49DBC3EE-1EEF-38C3-8977-16528A18297D}.Debug|x64.ActiveCfg = Debug|x64
		{49DBC3EE-1EEF-38C3-8977-16528A18297D}.Debug|x64.Build.0 = Debug|x64
		{49DBC3EE-1EEF-38C3-8977-16528A18297D}.Release|x64.ActiveCfg = Release|x64
		{49DBC3EE-1EEF-38C3-8977-16528A18297D}.Release|x64.Build.0 = Release|x64
		{49DBC3EE-1EEF-38C3-8977-16528A18297D}.MinSizeRel|x64.ActiveCfg = MinSizeRel|x64
		{49DBC3EE-1EEF-38C3-8977-16528A18297D}.MinSizeRel|x64.Build.0 = MinSizeRel|x64
		{49DBC3EE-1EEF-38C3-8977-16528A18297D}.RelWithDebInfo|x64.ActiveCfg = RelWithDebInfo|x64
		{49DBC3EE-1EEF-38C3-8977-16528A18297D}.RelWithDebInfo|x64.Build.0 = RelWithDebInfo|x64
		{1874C657-1808-313A-B9E6-3603DC900DFB}.Debug|x64.ActiveCfg = Debug|x64
		{1874C657-1808-313A-B9E6-3603DC900DFB}.Debug|x64.Build.0 = Debug|x64
		{1874C657-1808-313A-B9E6-3603DC900DFB}.Release|x64.ActiveCfg = Release|x64
		{1874C657-1808-313A-B9E6-3603DC900DFB}.Release|x64.Build.0 = Release|x64
		{1874C657-1808-313A-B9E6-3603DC900DFB}.MinSizeRel|x64.ActiveCfg = MinSizeRel|x64
		{1874C657-1808-313A-B9E6-3603DC900DFB}.MinSizeRel|x64.Build.0 = MinSizeRel|x64
		{1874C657-1808-313A-B9E6-3603DC900DFB}.RelWithDebInfo|x64.ActiveCfg = RelWithDebInfo|x64
		{1874C657-1808-313A-B9E6-3603DC900DFB}.RelWithDebInfo|x64.Build.0 = RelWithDebInfo|x64
		{F22909E7-32CF-3B66-881E-880557D4C24B}.Debug|x64.ActiveCfg = Debug|x64
		{F22909E7-32CF-3B66-881E-880557D4C24B}.Debug|x64.Build.0 = Debug|x64
		{F22909E7-32CF-3B66-881E-880557D4C24B}.Release|x64.ActiveCfg = Release|x64
		{F22909E7-32CF-3B66-881E-880557D4C24B}.Release|x64.Build.0 = Release|x64
		{F22909E7-32CF-3B66-881E-880557D4C24B}.MinSizeRel|x64.ActiveCfg = MinSizeRel|x64
		{F22909E7-32CF-3B66-881E-880557D4C24B}.MinSizeRel|x64.Build.0 = MinSizeRel|x64
		{F22909E7-32CF-3B66-881E-880557D4C24B}.RelWithDebInfo|x64.ActiveCfg = RelWithDebInfo|x64
		{F22909E7-32CF-3B66-881E-880557D4C24B}.RelWithDebInfo|x64.Build.0 = RelWithDebInfo|x64
	EndGlobalSection
	GlobalSection(ExtensibilityGlobals) = postSolution
		SolutionGuid = {1C742475-7941-33DE-BA43-CF93325C0A2C}
	EndGlobalSection
	GlobalSection(ExtensibilityAddIns) = postSolution
	EndGlobalSection
EndGlobal
